// !$*UTF8*$!
{
	archiveVersion = 1;
	classes = {
	};
	objectVersion = 46;
	objects = {

/* Begin PBXBuildFile section */
		05F9C780853822BA5C8E9450 /* Pods.framework in Frameworks */ = {isa = PBXBuildFile; fileRef = 71EA9FB846B953F7574AD7CF /* Pods.framework */; settings = {ATTRIBUTES = (Weak, ); }; };
		A17974411BBAE34100271F7E /* ODFlashCard.swift in Sources */ = {isa = PBXBuildFile; fileRef = A17974401BBAE34100271F7E /* ODFlashCard.swift */; settings = {ASSET_TAGS = (); }; };
		A17974431BBB816600271F7E /* ODFlashCardStack.swift in Sources */ = {isa = PBXBuildFile; fileRef = A17974421BBB816600271F7E /* ODFlashCardStack.swift */; settings = {ASSET_TAGS = (); }; };
		A1C81B0F1BBC5BA800B03412 /* FrontCardView.swift in Sources */ = {isa = PBXBuildFile; fileRef = A1C81B0E1BBC5BA800B03412 /* FrontCardView.swift */; settings = {ASSET_TAGS = (); }; };
		A1C81B111BBC60C700B03412 /* BackCardView.swift in Sources */ = {isa = PBXBuildFile; fileRef = A1C81B101BBC60C700B03412 /* BackCardView.swift */; settings = {ASSET_TAGS = (); }; };
		A1E08A181BC39E0B001F54EB /* UIColorExtension.swift in Sources */ = {isa = PBXBuildFile; fileRef = A1E08A171BC39E0B001F54EB /* UIColorExtension.swift */; settings = {ASSET_TAGS = (); }; };
		A1E992AC1BC3983500669F90 /* CardStacksView.swift in Sources */ = {isa = PBXBuildFile; fileRef = A1E992AB1BC3983500669F90 /* CardStacksView.swift */; settings = {ASSET_TAGS = (); }; };
		A1FF01EC1BBADDA90011951F /* AppDelegate.swift in Sources */ = {isa = PBXBuildFile; fileRef = A1FF01EB1BBADDA90011951F /* AppDelegate.swift */; };
		A1FF01EE1BBADDA90011951F /* ViewController.swift in Sources */ = {isa = PBXBuildFile; fileRef = A1FF01ED1BBADDA90011951F /* ViewController.swift */; };
		A1FF01F11BBADDA90011951F /* Main.storyboard in Resources */ = {isa = PBXBuildFile; fileRef = A1FF01EF1BBADDA90011951F /* Main.storyboard */; };
		A1FF01F31BBADDA90011951F /* Assets.xcassets in Resources */ = {isa = PBXBuildFile; fileRef = A1FF01F21BBADDA90011951F /* Assets.xcassets */; };
		A1FF01F61BBADDA90011951F /* LaunchScreen.storyboard in Resources */ = {isa = PBXBuildFile; fileRef = A1FF01F41BBADDA90011951F /* LaunchScreen.storyboard */; };
		A1FF02011BBADDA90011951F /* FlashCardsTests.swift in Sources */ = {isa = PBXBuildFile; fileRef = A1FF02001BBADDA90011951F /* FlashCardsTests.swift */; };
		A1FF020C1BBADDA90011951F /* FlashCardsUITests.swift in Sources */ = {isa = PBXBuildFile; fileRef = A1FF020B1BBADDA90011951F /* FlashCardsUITests.swift */; };
/* End PBXBuildFile section */

/* Begin PBXContainerItemProxy section */
		A1FF01FD1BBADDA90011951F /* PBXContainerItemProxy */ = {
			isa = PBXContainerItemProxy;
			containerPortal = A1FF01E01BBADDA90011951F /* Project object */;
			proxyType = 1;
			remoteGlobalIDString = A1FF01E71BBADDA90011951F;
			remoteInfo = FlashCards;
		};
		A1FF02081BBADDA90011951F /* PBXContainerItemProxy */ = {
			isa = PBXContainerItemProxy;
			containerPortal = A1FF01E01BBADDA90011951F /* Project object */;
			proxyType = 1;
			remoteGlobalIDString = A1FF01E71BBADDA90011951F;
			remoteInfo = FlashCards;
		};
/* End PBXContainerItemProxy section */

/* Begin PBXFileReference section */
		71EA9FB846B953F7574AD7CF /* Pods.framework */ = {isa = PBXFileReference; explicitFileType = wrapper.framework; includeInIndex = 0; path = Pods.framework; sourceTree = BUILT_PRODUCTS_DIR; };
		7F27851DC56338836D4ADB69 /* Pods.debug.xcconfig */ = {isa = PBXFileReference; includeInIndex = 1; lastKnownFileType = text.xcconfig; name = Pods.debug.xcconfig; path = "Pods/Target Support Files/Pods/Pods.debug.xcconfig"; sourceTree = "<group>"; };
		A17974401BBAE34100271F7E /* ODFlashCard.swift */ = {isa = PBXFileReference; fileEncoding = 4; lastKnownFileType = sourcecode.swift; path = ODFlashCard.swift; sourceTree = "<group>"; };
		A17974421BBB816600271F7E /* ODFlashCardStack.swift */ = {isa = PBXFileReference; fileEncoding = 4; lastKnownFileType = sourcecode.swift; path = ODFlashCardStack.swift; sourceTree = "<group>"; };
		A1C81B0E1BBC5BA800B03412 /* FrontCardView.swift */ = {isa = PBXFileReference; fileEncoding = 4; lastKnownFileType = sourcecode.swift; path = FrontCardView.swift; sourceTree = "<group>"; };
		A1C81B101BBC60C700B03412 /* BackCardView.swift */ = {isa = PBXFileReference; fileEncoding = 4; lastKnownFileType = sourcecode.swift; path = BackCardView.swift; sourceTree = "<group>"; };
		A1E08A171BC39E0B001F54EB /* UIColorExtension.swift */ = {isa = PBXFileReference; fileEncoding = 4; lastKnownFileType = sourcecode.swift; path = UIColorExtension.swift; sourceTree = "<group>"; };
		A1E992AB1BC3983500669F90 /* CardStacksView.swift */ = {isa = PBXFileReference; fileEncoding = 4; lastKnownFileType = sourcecode.swift; path = CardStacksView.swift; sourceTree = "<group>"; };
		A1F6834C1BBADFD600501761 /* FlashCards-Bridging-Header.h */ = {isa = PBXFileReference; lastKnownFileType = sourcecode.c.h; path = "FlashCards-Bridging-Header.h"; sourceTree = "<group>"; };
		A1FF01E81BBADDA90011951F /* FlashCards.app */ = {isa = PBXFileReference; explicitFileType = wrapper.application; includeInIndex = 0; path = FlashCards.app; sourceTree = BUILT_PRODUCTS_DIR; };
		A1FF01EB1BBADDA90011951F /* AppDelegate.swift */ = {isa = PBXFileReference; lastKnownFileType = sourcecode.swift; path = AppDelegate.swift; sourceTree = "<group>"; };
		A1FF01ED1BBADDA90011951F /* ViewController.swift */ = {isa = PBXFileReference; lastKnownFileType = sourcecode.swift; path = ViewController.swift; sourceTree = "<group>"; };
		A1FF01F01BBADDA90011951F /* Base */ = {isa = PBXFileReference; lastKnownFileType = file.storyboard; name = Base; path = Base.lproj/Main.storyboard; sourceTree = "<group>"; };
		A1FF01F21BBADDA90011951F /* Assets.xcassets */ = {isa = PBXFileReference; lastKnownFileType = folder.assetcatalog; path = Assets.xcassets; sourceTree = "<group>"; };
		A1FF01F51BBADDA90011951F /* Base */ = {isa = PBXFileReference; lastKnownFileType = file.storyboard; name = Base; path = Base.lproj/LaunchScreen.storyboard; sourceTree = "<group>"; };
		A1FF01F71BBADDA90011951F /* Info.plist */ = {isa = PBXFileReference; lastKnownFileType = text.plist.xml; path = Info.plist; sourceTree = "<group>"; };
		A1FF01FC1BBADDA90011951F /* FlashCardsTests.xctest */ = {isa = PBXFileReference; explicitFileType = wrapper.cfbundle; includeInIndex = 0; path = FlashCardsTests.xctest; sourceTree = BUILT_PRODUCTS_DIR; };
		A1FF02001BBADDA90011951F /* FlashCardsTests.swift */ = {isa = PBXFileReference; lastKnownFileType = sourcecode.swift; path = FlashCardsTests.swift; sourceTree = "<group>"; };
		A1FF02021BBADDA90011951F /* Info.plist */ = {isa = PBXFileReference; lastKnownFileType = text.plist.xml; path = Info.plist; sourceTree = "<group>"; };
		A1FF02071BBADDA90011951F /* FlashCardsUITests.xctest */ = {isa = PBXFileReference; explicitFileType = wrapper.cfbundle; includeInIndex = 0; path = FlashCardsUITests.xctest; sourceTree = BUILT_PRODUCTS_DIR; };
		A1FF020B1BBADDA90011951F /* FlashCardsUITests.swift */ = {isa = PBXFileReference; lastKnownFileType = sourcecode.swift; path = FlashCardsUITests.swift; sourceTree = "<group>"; };
		A1FF020D1BBADDA90011951F /* Info.plist */ = {isa = PBXFileReference; lastKnownFileType = text.plist.xml; path = Info.plist; sourceTree = "<group>"; };
		BB3D33807C8AAF353A019907 /* Pods.release.xcconfig */ = {isa = PBXFileReference; includeInIndex = 1; lastKnownFileType = text.xcconfig; name = Pods.release.xcconfig; path = "Pods/Target Support Files/Pods/Pods.release.xcconfig"; sourceTree = "<group>"; };
/* End PBXFileReference section */

/* Begin PBXFrameworksBuildPhase section */
		A1FF01E51BBADDA90011951F /* Frameworks */ = {
			isa = PBXFrameworksBuildPhase;
			buildActionMask = 2147483647;
			files = (
				05F9C780853822BA5C8E9450 /* Pods.framework in Frameworks */,
			);
			runOnlyForDeploymentPostprocessing = 0;
		};
		A1FF01F91BBADDA90011951F /* Frameworks */ = {
			isa = PBXFrameworksBuildPhase;
			buildActionMask = 2147483647;
			files = (
			);
			runOnlyForDeploymentPostprocessing = 0;
		};
		A1FF02041BBADDA90011951F /* Frameworks */ = {
			isa = PBXFrameworksBuildPhase;
			buildActionMask = 2147483647;
			files = (
			);
			runOnlyForDeploymentPostprocessing = 0;
		};
/* End PBXFrameworksBuildPhase section */

/* Begin PBXGroup section */
		1E1F6B53E42E83F0808412F7 /* Frameworks */ = {
			isa = PBXGroup;
			children = (
				71EA9FB846B953F7574AD7CF /* Pods.framework */,
			);
			name = Frameworks;
			sourceTree = "<group>";
		};
		681178C17B65D392C3F65B4B /* Pods */ = {
			isa = PBXGroup;
			children = (
				7F27851DC56338836D4ADB69 /* Pods.debug.xcconfig */,
				BB3D33807C8AAF353A019907 /* Pods.release.xcconfig */,
			);
			name = Pods;
			sourceTree = "<group>";
		};
		A1FF01DF1BBADDA90011951F = {
			isa = PBXGroup;
			children = (
				A1FF01EA1BBADDA90011951F /* FlashCards */,
				A1FF01FF1BBADDA90011951F /* FlashCardsTests */,
				A1FF020A1BBADDA90011951F /* FlashCardsUITests */,
				A1FF01E91BBADDA90011951F /* Products */,
				681178C17B65D392C3F65B4B /* Pods */,
				1E1F6B53E42E83F0808412F7 /* Frameworks */,
			);
			sourceTree = "<group>";
		};
		A1FF01E91BBADDA90011951F /* Products */ = {
			isa = PBXGroup;
			children = (
				A1FF01E81BBADDA90011951F /* FlashCards.app */,
				A1FF01FC1BBADDA90011951F /* FlashCardsTests.xctest */,
				A1FF02071BBADDA90011951F /* FlashCardsUITests.xctest */,
			);
			name = Products;
			sourceTree = "<group>";
		};
		A1FF01EA1BBADDA90011951F /* FlashCards */ = {
			isa = PBXGroup;
			children = (
				A1FF01EB1BBADDA90011951F /* AppDelegate.swift */,
				A1E992AB1BC3983500669F90 /* CardStacksView.swift */,
				A1FF01ED1BBADDA90011951F /* ViewController.swift */,
				A1C81B0E1BBC5BA800B03412 /* FrontCardView.swift */,
				A1C81B101BBC60C700B03412 /* BackCardView.swift */,
				A17974401BBAE34100271F7E /* ODFlashCard.swift */,
				A17974421BBB816600271F7E /* ODFlashCardStack.swift */,
				A1E08A171BC39E0B001F54EB /* UIColorExtension.swift */,
				A1FF01EF1BBADDA90011951F /* Main.storyboard */,
				A1FF01F21BBADDA90011951F /* Assets.xcassets */,
				A1FF01F41BBADDA90011951F /* LaunchScreen.storyboard */,
				A1FF01F71BBADDA90011951F /* Info.plist */,
				A1F6834C1BBADFD600501761 /* FlashCards-Bridging-Header.h */,
			);
			path = FlashCards;
			sourceTree = "<group>";
		};
		A1FF01FF1BBADDA90011951F /* FlashCardsTests */ = {
			isa = PBXGroup;
			children = (
				A1FF02001BBADDA90011951F /* FlashCardsTests.swift */,
				A1FF02021BBADDA90011951F /* Info.plist */,
			);
			path = FlashCardsTests;
			sourceTree = "<group>";
		};
		A1FF020A1BBADDA90011951F /* FlashCardsUITests */ = {
			isa = PBXGroup;
			children = (
				A1FF020B1BBADDA90011951F /* FlashCardsUITests.swift */,
				A1FF020D1BBADDA90011951F /* Info.plist */,
			);
			path = FlashCardsUITests;
			sourceTree = "<group>";
		};
/* End PBXGroup section */

/* Begin PBXNativeTarget section */
		A1FF01E71BBADDA90011951F /* FlashCards */ = {
			isa = PBXNativeTarget;
			buildConfigurationList = A1FF02101BBADDA90011951F /* Build configuration list for PBXNativeTarget "FlashCards" */;
			buildPhases = (
				0250D5666C3F0B335472DCB7 /* Check Pods Manifest.lock */,
				A1FF01E41BBADDA90011951F /* Sources */,
				A1FF01E51BBADDA90011951F /* Frameworks */,
				A1FF01E61BBADDA90011951F /* Resources */,
				D0205FA743B6F474D1DA04D4 /* Copy Pods Resources */,
				1F3032D312423192ABDABD24 /* Embed Pods Frameworks */,
			);
			buildRules = (
			);
			dependencies = (
			);
			name = FlashCards;
			productName = FlashCards;
			productReference = A1FF01E81BBADDA90011951F /* FlashCards.app */;
			productType = "com.apple.product-type.application";
		};
		A1FF01FB1BBADDA90011951F /* FlashCardsTests */ = {
			isa = PBXNativeTarget;
			buildConfigurationList = A1FF02131BBADDA90011951F /* Build configuration list for PBXNativeTarget "FlashCardsTests" */;
			buildPhases = (
				A1FF01F81BBADDA90011951F /* Sources */,
				A1FF01F91BBADDA90011951F /* Frameworks */,
				A1FF01FA1BBADDA90011951F /* Resources */,
			);
			buildRules = (
			);
			dependencies = (
				A1FF01FE1BBADDA90011951F /* PBXTargetDependency */,
			);
			name = FlashCardsTests;
			productName = FlashCardsTests;
			productReference = A1FF01FC1BBADDA90011951F /* FlashCardsTests.xctest */;
			productType = "com.apple.product-type.bundle.unit-test";
		};
		A1FF02061BBADDA90011951F /* FlashCardsUITests */ = {
			isa = PBXNativeTarget;
			buildConfigurationList = A1FF02161BBADDA90011951F /* Build configuration list for PBXNativeTarget "FlashCardsUITests" */;
			buildPhases = (
				A1FF02031BBADDA90011951F /* Sources */,
				A1FF02041BBADDA90011951F /* Frameworks */,
				A1FF02051BBADDA90011951F /* Resources */,
			);
			buildRules = (
			);
			dependencies = (
				A1FF02091BBADDA90011951F /* PBXTargetDependency */,
			);
			name = FlashCardsUITests;
			productName = FlashCardsUITests;
			productReference = A1FF02071BBADDA90011951F /* FlashCardsUITests.xctest */;
			productType = "com.apple.product-type.bundle.ui-testing";
		};
/* End PBXNativeTarget section */

/* Begin PBXProject section */
		A1FF01E01BBADDA90011951F /* Project object */ = {
			isa = PBXProject;
			attributes = {
				LastSwiftUpdateCheck = 0700;
				LastUpgradeCheck = 0700;
				ORGANIZATIONNAME = "Oopie Doopie";
				TargetAttributes = {
					A1FF01E71BBADDA90011951F = {
						CreatedOnToolsVersion = 7.0.1;
						DevelopmentTeam = 27XXJG8HK4;
					};
					A1FF01FB1BBADDA90011951F = {
						CreatedOnToolsVersion = 7.0.1;
						TestTargetID = A1FF01E71BBADDA90011951F;
					};
					A1FF02061BBADDA90011951F = {
						CreatedOnToolsVersion = 7.0.1;
						TestTargetID = A1FF01E71BBADDA90011951F;
					};
				};
			};
			buildConfigurationList = A1FF01E31BBADDA90011951F /* Build configuration list for PBXProject "FlashCards" */;
			compatibilityVersion = "Xcode 3.2";
			developmentRegion = English;
			hasScannedForEncodings = 0;
			knownRegions = (
				en,
				Base,
			);
			mainGroup = A1FF01DF1BBADDA90011951F;
			productRefGroup = A1FF01E91BBADDA90011951F /* Products */;
			projectDirPath = "";
			projectRoot = "";
			targets = (
				A1FF01E71BBADDA90011951F /* FlashCards */,
				A1FF01FB1BBADDA90011951F /* FlashCardsTests */,
				A1FF02061BBADDA90011951F /* FlashCardsUITests */,
			);
		};
/* End PBXProject section */

/* Begin PBXResourcesBuildPhase section */
		A1FF01E61BBADDA90011951F /* Resources */ = {
			isa = PBXResourcesBuildPhase;
			buildActionMask = 2147483647;
			files = (
				A1FF01F61BBADDA90011951F /* LaunchScreen.storyboard in Resources */,
				A1FF01F31BBADDA90011951F /* Assets.xcassets in Resources */,
				A1FF01F11BBADDA90011951F /* Main.storyboard in Resources */,
			);
			runOnlyForDeploymentPostprocessing = 0;
		};
		A1FF01FA1BBADDA90011951F /* Resources */ = {
			isa = PBXResourcesBuildPhase;
			buildActionMask = 2147483647;
			files = (
			);
			runOnlyForDeploymentPostprocessing = 0;
		};
		A1FF02051BBADDA90011951F /* Resources */ = {
			isa = PBXResourcesBuildPhase;
			buildActionMask = 2147483647;
			files = (
			);
			runOnlyForDeploymentPostprocessing = 0;
		};
/* End PBXResourcesBuildPhase section */

/* Begin PBXShellScriptBuildPhase section */
		0250D5666C3F0B335472DCB7 /* Check Pods Manifest.lock */ = {
			isa = PBXShellScriptBuildPhase;
			buildActionMask = 2147483647;
			files = (
			);
			inputPaths = (
			);
			name = "Check Pods Manifest.lock";
			outputPaths = (
			);
			runOnlyForDeploymentPostprocessing = 0;
			shellPath = /bin/sh;
			shellScript = "diff \"${PODS_ROOT}/../Podfile.lock\" \"${PODS_ROOT}/Manifest.lock\" > /dev/null\nif [[ $? != 0 ]] ; then\n    cat << EOM\nerror: The sandbox is not in sync with the Podfile.lock. Run 'pod install' or update your CocoaPods installation.\nEOM\n    exit 1\nfi\n";
			showEnvVarsInLog = 0;
		};
		1F3032D312423192ABDABD24 /* Embed Pods Frameworks */ = {
			isa = PBXShellScriptBuildPhase;
			buildActionMask = 2147483647;
			files = (
			);
			inputPaths = (
			);
			name = "Embed Pods Frameworks";
			outputPaths = (
			);
			runOnlyForDeploymentPostprocessing = 0;
			shellPath = /bin/sh;
			shellScript = "\"${SRCROOT}/Pods/Target Support Files/Pods/Pods-frameworks.sh\"\n";
			showEnvVarsInLog = 0;
		};
		D0205FA743B6F474D1DA04D4 /* Copy Pods Resources */ = {
			isa = PBXShellScriptBuildPhase;
			buildActionMask = 2147483647;
			files = (
			);
			inputPaths = (
			);
			name = "Copy Pods Resources";
			outputPaths = (
			);
			runOnlyForDeploymentPostprocessing = 0;
			shellPath = /bin/sh;
			shellScript = "\"${SRCROOT}/Pods/Target Support Files/Pods/Pods-resources.sh\"\n";
			showEnvVarsInLog = 0;
		};
/* End PBXShellScriptBuildPhase section */

/* Begin PBXSourcesBuildPhase section */
		A1FF01E41BBADDA90011951F /* Sources */ = {
			isa = PBXSourcesBuildPhase;
			buildActionMask = 2147483647;
			files = (
				A17974411BBAE34100271F7E /* ODFlashCard.swift in Sources */,
				A1E992AC1BC3983500669F90 /* CardStacksView.swift in Sources */,
				A1C81B111BBC60C700B03412 /* BackCardView.swift in Sources */,
				A1E08A181BC39E0B001F54EB /* UIColorExtension.swift in Sources */,
				A1FF01EE1BBADDA90011951F /* ViewController.swift in Sources */,
				A17974431BBB816600271F7E /* ODFlashCardStack.swift in Sources */,
				A1FF01EC1BBADDA90011951F /* AppDelegate.swift in Sources */,
				A1C81B0F1BBC5BA800B03412 /* FrontCardView.swift in Sources */,
			);
			runOnlyForDeploymentPostprocessing = 0;
		};
		A1FF01F81BBADDA90011951F /* Sources */ = {
			isa = PBXSourcesBuildPhase;
			buildActionMask = 2147483647;
			files = (
				A1FF02011BBADDA90011951F /* FlashCardsTests.swift in Sources */,
			);
			runOnlyForDeploymentPostprocessing = 0;
		};
		A1FF02031BBADDA90011951F /* Sources */ = {
			isa = PBXSourcesBuildPhase;
			buildActionMask = 2147483647;
			files = (
				A1FF020C1BBADDA90011951F /* FlashCardsUITests.swift in Sources */,
			);
			runOnlyForDeploymentPostprocessing = 0;
		};
/* End PBXSourcesBuildPhase section */

/* Begin PBXTargetDependency section */
		A1FF01FE1BBADDA90011951F /* PBXTargetDependency */ = {
			isa = PBXTargetDependency;
			target = A1FF01E71BBADDA90011951F /* FlashCards */;
			targetProxy = A1FF01FD1BBADDA90011951F /* PBXContainerItemProxy */;
		};
		A1FF02091BBADDA90011951F /* PBXTargetDependency */ = {
			isa = PBXTargetDependency;
			target = A1FF01E71BBADDA90011951F /* FlashCards */;
			targetProxy = A1FF02081BBADDA90011951F /* PBXContainerItemProxy */;
		};
/* End PBXTargetDependency section */

/* Begin PBXVariantGroup section */
		A1FF01EF1BBADDA90011951F /* Main.storyboard */ = {
			isa = PBXVariantGroup;
			children = (
				A1FF01F01BBADDA90011951F /* Base */,
			);
			name = Main.storyboard;
			sourceTree = "<group>";
		};
		A1FF01F41BBADDA90011951F /* LaunchScreen.storyboard */ = {
			isa = PBXVariantGroup;
			children = (
				A1FF01F51BBADDA90011951F /* Base */,
			);
			name = LaunchScreen.storyboard;
			sourceTree = "<group>";
		};
/* End PBXVariantGroup section */

/* Begin XCBuildConfiguration section */
		A1FF020E1BBADDA90011951F /* Debug */ = {
			isa = XCBuildConfiguration;
			buildSettings = {
				ALWAYS_SEARCH_USER_PATHS = NO;
				CLANG_CXX_LANGUAGE_STANDARD = "gnu++0x";
				CLANG_CXX_LIBRARY = "libc++";
				CLANG_ENABLE_MODULES = YES;
				CLANG_ENABLE_OBJC_ARC = YES;
				CLANG_WARN_BOOL_CONVERSION = YES;
				CLANG_WARN_CONSTANT_CONVERSION = YES;
				CLANG_WARN_DIRECT_OBJC_ISA_USAGE = YES_ERROR;
				CLANG_WARN_EMPTY_BODY = YES;
				CLANG_WARN_ENUM_CONVERSION = YES;
				CLANG_WARN_INT_CONVERSION = YES;
				CLANG_WARN_OBJC_ROOT_CLASS = YES_ERROR;
				CLANG_WARN_UNREACHABLE_CODE = YES;
				CLANG_WARN__DUPLICATE_METHOD_MATCH = YES;
				"CODE_SIGN_IDENTITY[sdk=iphoneos*]" = "iPhone Developer";
				COPY_PHASE_STRIP = NO;
				DEBUG_INFORMATION_FORMAT = dwarf;
				ENABLE_STRICT_OBJC_MSGSEND = YES;
				ENABLE_TESTABILITY = YES;
				GCC_C_LANGUAGE_STANDARD = gnu99;
				GCC_DYNAMIC_NO_PIC = NO;
				GCC_NO_COMMON_BLOCKS = YES;
				GCC_OPTIMIZATION_LEVEL = 0;
				GCC_PREPROCESSOR_DEFINITIONS = (
					"DEBUG=1",
					"$(inherited)",
				);
				GCC_WARN_64_TO_32_BIT_CONVERSION = YES;
				GCC_WARN_ABOUT_RETURN_TYPE = YES_ERROR;
				GCC_WARN_UNDECLARED_SELECTOR = YES;
				GCC_WARN_UNINITIALIZED_AUTOS = YES_AGGRESSIVE;
				GCC_WARN_UNUSED_FUNCTION = YES;
				GCC_WARN_UNUSED_VARIABLE = YES;
				IPHONEOS_DEPLOYMENT_TARGET = 9.0;
				MTL_ENABLE_DEBUG_INFO = YES;
				ONLY_ACTIVE_ARCH = YES;
				SDKROOT = iphoneos;
				SWIFT_OPTIMIZATION_LEVEL = "-Onone";
				TARGETED_DEVICE_FAMILY = "1,2";
			};
			name = Debug;
		};
		A1FF020F1BBADDA90011951F /* Release */ = {
			isa = XCBuildConfiguration;
			buildSettings = {
				ALWAYS_SEARCH_USER_PATHS = NO;
				CLANG_CXX_LANGUAGE_STANDARD = "gnu++0x";
				CLANG_CXX_LIBRARY = "libc++";
				CLANG_ENABLE_MODULES = YES;
				CLANG_ENABLE_OBJC_ARC = YES;
				CLANG_WARN_BOOL_CONVERSION = YES;
				CLANG_WARN_CONSTANT_CONVERSION = YES;
				CLANG_WARN_DIRECT_OBJC_ISA_USAGE = YES_ERROR;
				CLANG_WARN_EMPTY_BODY = YES;
				CLANG_WARN_ENUM_CONVERSION = YES;
				CLANG_WARN_INT_CONVERSION = YES;
				CLANG_WARN_OBJC_ROOT_CLASS = YES_ERROR;
				CLANG_WARN_UNREACHABLE_CODE = YES;
				CLANG_WARN__DUPLICATE_METHOD_MATCH = YES;
				"CODE_SIGN_IDENTITY[sdk=iphoneos*]" = "iPhone Developer";
				COPY_PHASE_STRIP = NO;
				DEBUG_INFORMATION_FORMAT = "dwarf-with-dsym";
				ENABLE_NS_ASSERTIONS = NO;
				ENABLE_STRICT_OBJC_MSGSEND = YES;
				GCC_C_LANGUAGE_STANDARD = gnu99;
				GCC_NO_COMMON_BLOCKS = YES;
				GCC_WARN_64_TO_32_BIT_CONVERSION = YES;
				GCC_WARN_ABOUT_RETURN_TYPE = YES_ERROR;
				GCC_WARN_UNDECLARED_SELECTOR = YES;
				GCC_WARN_UNINITIALIZED_AUTOS = YES_AGGRESSIVE;
				GCC_WARN_UNUSED_FUNCTION = YES;
				GCC_WARN_UNUSED_VARIABLE = YES;
				IPHONEOS_DEPLOYMENT_TARGET = 9.0;
				MTL_ENABLE_DEBUG_INFO = NO;
				SDKROOT = iphoneos;
				TARGETED_DEVICE_FAMILY = "1,2";
				VALIDATE_PRODUCT = YES;
			};
			name = Release;
		};
		A1FF02111BBADDA90011951F /* Debug */ = {
			isa = XCBuildConfiguration;
			baseConfigurationReference = 7F27851DC56338836D4ADB69 /* Pods.debug.xcconfig */;
			buildSettings = {
				ASSETCATALOG_COMPILER_APPICON_NAME = AppIcon;
				CLANG_ENABLE_MODULES = YES;
				CODE_SIGN_IDENTITY = "iPhone Developer";
				INFOPLIST_FILE = FlashCards/Info.plist;
				IPHONEOS_DEPLOYMENT_TARGET = 9.0;
				LD_RUNPATH_SEARCH_PATHS = "$(inherited) @executable_path/Frameworks";
				PRODUCT_BUNDLE_IDENTIFIER = com.oopiedoopie.FlashCards;
				PRODUCT_NAME = "$(TARGET_NAME)";
				SWIFT_OBJC_BRIDGING_HEADER = "FlashCards/FlashCards-Bridging-Header.h";
				SWIFT_OPTIMIZATION_LEVEL = "-Onone";
			};
			name = Debug;
		};
		A1FF02121BBADDA90011951F /* Release */ = {
			isa = XCBuildConfiguration;
			baseConfigurationReference = BB3D33807C8AAF353A019907 /* Pods.release.xcconfig */;
			buildSettings = {
				ASSETCATALOG_COMPILER_APPICON_NAME = AppIcon;
				CLANG_ENABLE_MODULES = YES;
				CODE_SIGN_IDENTITY = "iPhone Developer";
				INFOPLIST_FILE = FlashCards/Info.plist;
				IPHONEOS_DEPLOYMENT_TARGET = 9.0;
				LD_RUNPATH_SEARCH_PATHS = "$(inherited) @executable_path/Frameworks";
				PRODUCT_BUNDLE_IDENTIFIER = com.oopiedoopie.FlashCards;
				PRODUCT_NAME = "$(TARGET_NAME)";
				SWIFT_OBJC_BRIDGING_HEADER = "FlashCards/FlashCards-Bridging-Header.h";
			};
			name = Release;
		};
		A1FF02141BBADDA90011951F /* Debug */ = {
			isa = XCBuildConfiguration;
			buildSettings = {
				BUNDLE_LOADER = "$(TEST_HOST)";
				INFOPLIST_FILE = FlashCardsTests/Info.plist;
				LD_RUNPATH_SEARCH_PATHS = "$(inherited) @executable_path/Frameworks @loader_path/Frameworks";
				PRODUCT_BUNDLE_IDENTIFIER = com.oopiedoopie.FlashCardsTests;
				PRODUCT_NAME = "$(TARGET_NAME)";
				TEST_HOST = "$(BUILT_PRODUCTS_DIR)/FlashCards.app/FlashCards";
			};
			name = Debug;
		};
		A1FF02151BBADDA90011951F /* Release */ = {
			isa = XCBuildConfiguration;
			buildSettings = {
				BUNDLE_LOADER = "$(TEST_HOST)";
				INFOPLIST_FILE = FlashCardsTests/Info.plist;
				LD_RUNPATH_SEARCH_PATHS = "$(inherited) @executable_path/Frameworks @loader_path/Frameworks";
				PRODUCT_BUNDLE_IDENTIFIER = com.oopiedoopie.FlashCardsTests;
				PRODUCT_NAME = "$(TARGET_NAME)";
				TEST_HOST = "$(BUILT_PRODUCTS_DIR)/FlashCards.app/FlashCards";
			};
			name = Release;
		};
		A1FF02171BBADDA90011951F /* Debug */ = {
			isa = XCBuildConfiguration;
			buildSettings = {
				INFOPLIST_FILE = FlashCardsUITests/Info.plist;
				LD_RUNPATH_SEARCH_PATHS = "$(inherited) @executable_path/Frameworks @loader_path/Frameworks";
				PRODUCT_BUNDLE_IDENTIFIER = com.oopiedoopie.FlashCardsUITests;
				PRODUCT_NAME = "$(TARGET_NAME)";
				TEST_TARGET_NAME = FlashCards;
				USES_XCTRUNNER = YES;
			};
			name = Debug;
		};
		A1FF02181BBADDA90011951F /* Release */ = {
			isa = XCBuildConfiguration;
			buildSettings = {
				INFOPLIST_FILE = FlashCardsUITests/Info.plist;
				LD_RUNPATH_SEARCH_PATHS = "$(inherited) @executable_path/Frameworks @loader_path/Frameworks";
				PRODUCT_BUNDLE_IDENTIFIER = com.oopiedoopie.FlashCardsUITests;
				PRODUCT_NAME = "$(TARGET_NAME)";
				TEST_TARGET_NAME = FlashCards;
				USES_XCTRUNNER = YES;
			};
			name = Release;
		};
/* End XCBuildConfiguration section */

/* Begin XCConfigurationList section */
		A1FF01E31BBADDA90011951F /* Build configuration list for PBXProject "FlashCards" */ = {
			isa = XCConfigurationList;
			buildConfigurations = (
				A1FF020E1BBADDA90011951F /* Debug */,
				A1FF020F1BBADDA90011951F /* Release */,
			);
			defaultConfigurationIsVisible = 0;
			defaultConfigurationName = Release;
		};
		A1FF02101BBADDA90011951F /* Build configuration list for PBXNativeTarget "FlashCards" */ = {
			isa = XCConfigurationList;
			buildConfigurations = (
				A1FF02111BBADDA90011951F /* Debug */,
				A1FF02121BBADDA90011951F /* Release */,
			);
			defaultConfigurationIsVisible = 0;
			defaultConfigurationName = Release;
		};
		A1FF02131BBADDA90011951F /* Build configuration list for PBXNativeTarget "FlashCardsTests" */ = {
			isa = XCConfigurationList;
			buildConfigurations = (
				A1FF02141BBADDA90011951F /* Debug */,
				A1FF02151BBADDA90011951F /* Release */,
			);
			defaultConfigurationIsVisible = 0;
			defaultConfigurationName = Release;
		};
		A1FF02161BBADDA90011951F /* Build configuration list for PBXNativeTarget "FlashCardsUITests" */ = {
			isa = XCConfigurationList;
			buildConfigurations = (
				A1FF02171BBADDA90011951F /* Debug */,
				A1FF02181BBADDA90011951F /* Release */,
			);
			defaultConfigurationIsVisible = 0;
			defaultConfigurationName = Release;
		};
/* End XCConfigurationList section */
	};
	rootObject = A1FF01E01BBADDA90011951F /* Project object */;
}
